
Microsoft Visual Studio Solution File, Format Version 12.00
# Visual Studio Version 16
VisualStudioVersion = 16.0.32106.194
MinimumVisualStudioVersion = 10.0.40219.1
Project("{FAE04EC0-301F-11D3-BF4B-00C04F79EFBC}") = "AgendaPrueba", "AgendaPrueba\AgendaPrueba.csproj", "{71654C51-4A12-4408-8845-082EB0778FE9}"
EndProject
Global
	GlobalSection(SolutionConfigurationPlatforms) = preSolution
		Debug|Any CPU = Debug|Any CPU
		Release|Any CPU = Release|Any CPU
	EndGlobalSection
	GlobalSection(ProjectConfigurationPlatforms) = postSolution
		{71654C51-4A12-4408-8845-082EB0778FE9}.Debug|Any CPU.ActiveCfg = Debug|Any CPU
		{71654C51-4A12-4408-8845-082EB0778FE9}.Debug|Any CPU.Build.0 = Debug|Any CPU
		{71654C51-4A12-4408-8845-082EB0778FE9}.Release|Any CPU.ActiveCfg = Release|Any CPU
		{71654C51-4A12-4408-8845-082EB0778FE9}.Release|Any CPU.Build.0 = Release|Any CPU
	EndGlobalSection
	GlobalSection(SolutionProperties) = preSolution
		HideSolutionNode = FALSE
	EndGlobalSection
	GlobalSection(ExtensibilityGlobals) = postSolution
		SolutionGuid = {054258D7-3D40-4C25-A3C7-93FC5482B9FE}
	EndGlobalSection
EndGlobal
